
Microsoft Visual Studio Solution File, Format Version 12.00
# Visual Studio 15
VisualStudioVersion = 15.0.26403.7
MinimumVisualStudioVersion = 10.0.40219.1
Project("{2150E333-8FDC-42A3-9474-1A3956D46DE8}") = "1 - Service", "1 - Service", "{EB192789-60F0-4872-9A52-E59F493048AC}"
EndProject
Project("{2150E333-8FDC-42A3-9474-1A3956D46DE8}") = "2 - Core", "2 - Core", "{5826B293-E373-4D32-B108-BC018AB33F66}"
EndProject
Project("{2150E333-8FDC-42A3-9474-1A3956D46DE8}") = "2.1 - Shared", "2.1 - Shared", "{655E3DAF-AA82-4E6B-A610-5C39B46F23C6}"
EndProject
Project("{2150E333-8FDC-42A3-9474-1A3956D46DE8}") = "2.2 - Cliente", "2.2 - Cliente", "{52955C55-7C67-453A-8667-82657DAAF037}"
EndProject
Project("{2150E333-8FDC-42A3-9474-1A3956D46DE8}") = "2.3 - Salão", "2.3 - Salão", "{BD3BF650-B512-4C39-BC24-5357F84CAF22}"
EndProject
Project("{2150E333-8FDC-42A3-9474-1A3956D46DE8}") = "Domain", "Domain", "{082DD40E-C5FE-4BAE-9E42-262AC7413CE7}"
EndProject
Project("{2150E333-8FDC-42A3-9474-1A3956D46DE8}") = "Infrastructure", "Infrastructure", "{013E151A-8ADC-4AD0-8B53-D3B484E90875}"
EndProject
Project("{2150E333-8FDC-42A3-9474-1A3956D46DE8}") = "1 - Data", "1 - Data", "{4B80E4DC-01FA-4C31-9653-E3471236E2C1}"
EndProject
Project("{2150E333-8FDC-42A3-9474-1A3956D46DE8}") = "2 - CrossCutting", "2 - CrossCutting", "{D496CFDB-FCDF-4388-BFB0-C74712F1CE82}"
EndProject
Project("{9A19103F-16F7-4668-BE54-9A1E7A4F7556}") = "GoSalao.SharedKernel", "App\GoSalao.SharedKernel\GoSalao.SharedKernel.csproj", "{719D7B6D-0EB8-4332-B80A-463328A93655}"
EndProject
Project("{9A19103F-16F7-4668-BE54-9A1E7A4F7556}") = "GoSalao.Infra.Data", "App\GoSalao.Infra.Data\GoSalao.Infra.Data.csproj", "{900AF30D-EBC9-437F-A625-48EAD7687090}"
EndProject
Project("{9A19103F-16F7-4668-BE54-9A1E7A4F7556}") = "GoSalao.Infra.CrossCutting.EventLogger", "App\GoSalao.Infra.CrossCutting.EventLogger\GoSalao.Infra.CrossCutting.EventLogger.csproj", "{E4820F2A-685C-4B96-A943-F776BF9B1B3E}"
EndProject
Project("{9A19103F-16F7-4668-BE54-9A1E7A4F7556}") = "GoSalao.Infra.CrossCutting.Ioc", "App\GoSalao.Infra.CrossCutting.Ioc\GoSalao.Infra.CrossCutting.Ioc.csproj", "{F5C77C9F-C67B-4B73-A511-E9C19E37D582}"
EndProject
Project("{FAE04EC0-301F-11D3-BF4B-00C04F79EFBC}") = "GoSalao.API", "App\GoSalao.API\GoSalao.API.csproj", "{30AFBB7C-E5A9-45F0-B62B-F6D3D41068DB}"
EndProject
Project("{2150E333-8FDC-42A3-9474-1A3956D46DE8}") = "Fornecedor", "Fornecedor", "{C0B091D4-FF9D-4E50-9F22-B54A542A4E3D}"
EndProject
Project("{2150E333-8FDC-42A3-9474-1A3956D46DE8}") = "Domain", "Domain", "{A086C6DB-7270-4665-AD55-991DE3ABD72C}"
EndProject
Project("{2150E333-8FDC-42A3-9474-1A3956D46DE8}") = "Application", "Application", "{A7CE6E1A-F9D0-4CA8-BB90-720D1E8FCD61}"
EndProject
Project("{2150E333-8FDC-42A3-9474-1A3956D46DE8}") = "Infra", "Infra", "{FFB300A2-73DD-443B-B4EB-B8C4B0A10EED}"
EndProject
Project("{FAE04EC0-301F-11D3-BF4B-00C04F79EFBC}") = "GoSalao.Salao.Fornecedor.Domain", "App\GoSalao.Salao.Fornecedor.Domain\GoSalao.Salao.Fornecedor.Domain.csproj", "{353013E5-25B4-4DF4-8DDF-8A46F3705401}"
EndProject
Project("{FAE04EC0-301F-11D3-BF4B-00C04F79EFBC}") = "GoSalao.Salao.Fornecedor.Infra.Data", "App\GoSalao.Salao.Fornecedor.Infra.Data\GoSalao.Salao.Fornecedor.Infra.Data.csproj", "{E7994E95-2D21-4E63-8079-F48882FD2EAA}"
EndProject
Project("{9A19103F-16F7-4668-BE54-9A1E7A4F7556}") = "GoSalao.Salao.Fornecedor.Application", "App\GoSalao.Salao.Fornecedor.Application\GoSalao.Salao.Fornecedor.Application.csproj", "{C82626A4-5204-4582-BA8E-42754CF03276}"
EndProject
Global
	GlobalSection(SolutionConfigurationPlatforms) = preSolution
		Debug|Any CPU = Debug|Any CPU
		Release|Any CPU = Release|Any CPU
	EndGlobalSection
	GlobalSection(ProjectConfigurationPlatforms) = postSolution
		{719D7B6D-0EB8-4332-B80A-463328A93655}.Debug|Any CPU.ActiveCfg = Debug|Any CPU
		{719D7B6D-0EB8-4332-B80A-463328A93655}.Debug|Any CPU.Build.0 = Debug|Any CPU
		{719D7B6D-0EB8-4332-B80A-463328A93655}.Release|Any CPU.ActiveCfg = Release|Any CPU
		{719D7B6D-0EB8-4332-B80A-463328A93655}.Release|Any CPU.Build.0 = Release|Any CPU
		{900AF30D-EBC9-437F-A625-48EAD7687090}.Debug|Any CPU.ActiveCfg = Debug|Any CPU
		{900AF30D-EBC9-437F-A625-48EAD7687090}.Debug|Any CPU.Build.0 = Debug|Any CPU
		{900AF30D-EBC9-437F-A625-48EAD7687090}.Release|Any CPU.ActiveCfg = Release|Any CPU
		{900AF30D-EBC9-437F-A625-48EAD7687090}.Release|Any CPU.Build.0 = Release|Any CPU
		{E4820F2A-685C-4B96-A943-F776BF9B1B3E}.Debug|Any CPU.ActiveCfg = Debug|Any CPU
		{E4820F2A-685C-4B96-A943-F776BF9B1B3E}.Debug|Any CPU.Build.0 = Debug|Any CPU
		{E4820F2A-685C-4B96-A943-F776BF9B1B3E}.Release|Any CPU.ActiveCfg = Release|Any CPU
		{E4820F2A-685C-4B96-A943-F776BF9B1B3E}.Release|Any CPU.Build.0 = Release|Any CPU
		{F5C77C9F-C67B-4B73-A511-E9C19E37D582}.Debug|Any CPU.ActiveCfg = Debug|Any CPU
		{F5C77C9F-C67B-4B73-A511-E9C19E37D582}.Debug|Any CPU.Build.0 = Debug|Any CPU
		{F5C77C9F-C67B-4B73-A511-E9C19E37D582}.Release|Any CPU.ActiveCfg = Release|Any CPU
		{F5C77C9F-C67B-4B73-A511-E9C19E37D582}.Release|Any CPU.Build.0 = Release|Any CPU
		{30AFBB7C-E5A9-45F0-B62B-F6D3D41068DB}.Debug|Any CPU.ActiveCfg = Debug|Any CPU
		{30AFBB7C-E5A9-45F0-B62B-F6D3D41068DB}.Debug|Any CPU.Build.0 = Debug|Any CPU
		{30AFBB7C-E5A9-45F0-B62B-F6D3D41068DB}.Release|Any CPU.ActiveCfg = Release|Any CPU
		{30AFBB7C-E5A9-45F0-B62B-F6D3D41068DB}.Release|Any CPU.Build.0 = Release|Any CPU
		{353013E5-25B4-4DF4-8DDF-8A46F3705401}.Debug|Any CPU.ActiveCfg = Debug|Any CPU
		{353013E5-25B4-4DF4-8DDF-8A46F3705401}.Debug|Any CPU.Build.0 = Debug|Any CPU
		{353013E5-25B4-4DF4-8DDF-8A46F3705401}.Release|Any CPU.ActiveCfg = Release|Any CPU
		{353013E5-25B4-4DF4-8DDF-8A46F3705401}.Release|Any CPU.Build.0 = Release|Any CPU
		{E7994E95-2D21-4E63-8079-F48882FD2EAA}.Debug|Any CPU.ActiveCfg = Debug|Any CPU
		{E7994E95-2D21-4E63-8079-F48882FD2EAA}.Debug|Any CPU.Build.0 = Debug|Any CPU
		{E7994E95-2D21-4E63-8079-F48882FD2EAA}.Release|Any CPU.ActiveCfg = Release|Any CPU
		{E7994E95-2D21-4E63-8079-F48882FD2EAA}.Release|Any CPU.Build.0 = Release|Any CPU
		{C82626A4-5204-4582-BA8E-42754CF03276}.Debug|Any CPU.ActiveCfg = Debug|Any CPU
		{C82626A4-5204-4582-BA8E-42754CF03276}.Debug|Any CPU.Build.0 = Debug|Any CPU
		{C82626A4-5204-4582-BA8E-42754CF03276}.Release|Any CPU.ActiveCfg = Release|Any CPU
		{C82626A4-5204-4582-BA8E-42754CF03276}.Release|Any CPU.Build.0 = Release|Any CPU
	EndGlobalSection
	GlobalSection(SolutionProperties) = preSolution
		HideSolutionNode = FALSE
	EndGlobalSection
	GlobalSection(NestedProjects) = preSolution
		{655E3DAF-AA82-4E6B-A610-5C39B46F23C6} = {5826B293-E373-4D32-B108-BC018AB33F66}
		{52955C55-7C67-453A-8667-82657DAAF037} = {5826B293-E373-4D32-B108-BC018AB33F66}
		{BD3BF650-B512-4C39-BC24-5357F84CAF22} = {5826B293-E373-4D32-B108-BC018AB33F66}
		{082DD40E-C5FE-4BAE-9E42-262AC7413CE7} = {655E3DAF-AA82-4E6B-A610-5C39B46F23C6}
		{013E151A-8ADC-4AD0-8B53-D3B484E90875} = {655E3DAF-AA82-4E6B-A610-5C39B46F23C6}
		{4B80E4DC-01FA-4C31-9653-E3471236E2C1} = {013E151A-8ADC-4AD0-8B53-D3B484E90875}
		{D496CFDB-FCDF-4388-BFB0-C74712F1CE82} = {013E151A-8ADC-4AD0-8B53-D3B484E90875}
		{719D7B6D-0EB8-4332-B80A-463328A93655} = {082DD40E-C5FE-4BAE-9E42-262AC7413CE7}
		{900AF30D-EBC9-437F-A625-48EAD7687090} = {4B80E4DC-01FA-4C31-9653-E3471236E2C1}
		{E4820F2A-685C-4B96-A943-F776BF9B1B3E} = {D496CFDB-FCDF-4388-BFB0-C74712F1CE82}
		{F5C77C9F-C67B-4B73-A511-E9C19E37D582} = {D496CFDB-FCDF-4388-BFB0-C74712F1CE82}
		{30AFBB7C-E5A9-45F0-B62B-F6D3D41068DB} = {EB192789-60F0-4872-9A52-E59F493048AC}
		{C0B091D4-FF9D-4E50-9F22-B54A542A4E3D} = {BD3BF650-B512-4C39-BC24-5357F84CAF22}
		{A086C6DB-7270-4665-AD55-991DE3ABD72C} = {C0B091D4-FF9D-4E50-9F22-B54A542A4E3D}
		{A7CE6E1A-F9D0-4CA8-BB90-720D1E8FCD61} = {C0B091D4-FF9D-4E50-9F22-B54A542A4E3D}
		{FFB300A2-73DD-443B-B4EB-B8C4B0A10EED} = {C0B091D4-FF9D-4E50-9F22-B54A542A4E3D}
		{353013E5-25B4-4DF4-8DDF-8A46F3705401} = {A086C6DB-7270-4665-AD55-991DE3ABD72C}
		{E7994E95-2D21-4E63-8079-F48882FD2EAA} = {FFB300A2-73DD-443B-B4EB-B8C4B0A10EED}
		{C82626A4-5204-4582-BA8E-42754CF03276} = {A7CE6E1A-F9D0-4CA8-BB90-720D1E8FCD61}
	EndGlobalSection
EndGlobal
